
Microsoft Visual Studio Solution File, Format Version 12.00
# Visual Studio Version 17
VisualStudioVersion = 17.12.35707.178 d17.12
MinimumVisualStudioVersion = 10.0.40219.1
Project("{2150E333-8FDC-42A3-9474-1A3956D46DE8}") = "src", "src", "{8E05901D-56FA-4853-8F5A-EED52BA02F39}"
EndProject
Project("{FAE04EC0-301F-11D3-BF4B-00C04F79EFBC}") = "HMH.Core", "HMH.Core\HMH.Core.csproj", "{BF4C3B88-E88D-4102-B387-31A30401672F}"
EndProject
Project("{FAE04EC0-301F-11D3-BF4B-00C04F79EFBC}") = "HMH.Infrastructure", "HMH.Infrastructure\HMH.Infrastructure.csproj", "{464571B9-A357-4203-821A-DD1ABEB604F6}"
EndProject
Project("{FAE04EC0-301F-11D3-BF4B-00C04F79EFBC}") = "HMH.API", "HMH.API\HMH.API.csproj", "{E2C9BB8F-59E6-4502-8647-A9897CE9F907}"
EndProject
Global
	GlobalSection(SolutionConfigurationPlatforms) = preSolution
		Debug|Any CPU = Debug|Any CPU
		Release|Any CPU = Release|Any CPU
	EndGlobalSection
	GlobalSection(ProjectConfigurationPlatforms) = postSolution
		{BF4C3B88-E88D-4102-B387-31A30401672F}.Debug|Any CPU.ActiveCfg = Debug|Any CPU
		{BF4C3B88-E88D-4102-B387-31A30401672F}.Debug|Any CPU.Build.0 = Debug|Any CPU
		{BF4C3B88-E88D-4102-B387-31A30401672F}.Release|Any CPU.ActiveCfg = Release|Any CPU
		{BF4C3B88-E88D-4102-B387-31A30401672F}.Release|Any CPU.Build.0 = Release|Any CPU
		{464571B9-A357-4203-821A-DD1ABEB604F6}.Debug|Any CPU.ActiveCfg = Debug|Any CPU
		{464571B9-A357-4203-821A-DD1ABEB604F6}.Debug|Any CPU.Build.0 = Debug|Any CPU
		{464571B9-A357-4203-821A-DD1ABEB604F6}.Release|Any CPU.ActiveCfg = Release|Any CPU
		{464571B9-A357-4203-821A-DD1ABEB604F6}.Release|Any CPU.Build.0 = Release|Any CPU
		{E2C9BB8F-59E6-4502-8647-A9897CE9F907}.Debug|Any CPU.ActiveCfg = Debug|Any CPU
		{E2C9BB8F-59E6-4502-8647-A9897CE9F907}.Debug|Any CPU.Build.0 = Debug|Any CPU
		{E2C9BB8F-59E6-4502-8647-A9897CE9F907}.Release|Any CPU.ActiveCfg = Release|Any CPU
		{E2C9BB8F-59E6-4502-8647-A9897CE9F907}.Release|Any CPU.Build.0 = Release|Any CPU
	EndGlobalSection
	GlobalSection(SolutionProperties) = preSolution
		HideSolutionNode = FALSE
	EndGlobalSection
	GlobalSection(NestedProjects) = preSolution
		{BF4C3B88-E88D-4102-B387-31A30401672F} = {8E05901D-56FA-4853-8F5A-EED52BA02F39}
		{464571B9-A357-4203-821A-DD1ABEB604F6} = {8E05901D-56FA-4853-8F5A-EED52BA02F39}
		{E2C9BB8F-59E6-4502-8647-A9897CE9F907} = {8E05901D-56FA-4853-8F5A-EED52BA02F39}
	EndGlobalSection
EndGlobal
